// !$*UTF8*$!
{
	archiveVersion = 1;
	classes = {
	};
	objectVersion = 56;
	objects = {

/* Begin PBXBuildFile section */
		1B4147AD7ECAEDCE6A78BC39 /* Pods_ShoppingApp.framework in Frameworks */ = {isa = PBXBuildFile; fileRef = 382759703693CC1A8528206D /* Pods_ShoppingApp.framework */; };
		4F0A45AA2AC1DDEC005C32BE /* AppDelegate.swift in Sources */ = {isa = PBXBuildFile; fileRef = 4F0A45A92AC1DDEC005C32BE /* AppDelegate.swift */; };
		4F0A45AC2AC1DDEC005C32BE /* SceneDelegate.swift in Sources */ = {isa = PBXBuildFile; fileRef = 4F0A45AB2AC1DDEC005C32BE /* SceneDelegate.swift */; };
		4F0A45B12AC1DDED005C32BE /* Main.storyboard in Resources */ = {isa = PBXBuildFile; fileRef = 4F0A45AF2AC1DDED005C32BE /* Main.storyboard */; };
		4F0A45B32AC1DDEF005C32BE /* Assets.xcassets in Resources */ = {isa = PBXBuildFile; fileRef = 4F0A45B22AC1DDEF005C32BE /* Assets.xcassets */; };
		4F0A45B62AC1DDEF005C32BE /* LaunchScreen.storyboard in Resources */ = {isa = PBXBuildFile; fileRef = 4F0A45B42AC1DDEF005C32BE /* LaunchScreen.storyboard */; };
		4F0A45C32AC1DFCA005C32BE /* Util.swift in Sources */ = {isa = PBXBuildFile; fileRef = 4F0A45C22AC1DFCA005C32BE /* Util.swift */; };
		4F0A45C52AC1E2FB005C32BE /* MainViewController.swift in Sources */ = {isa = PBXBuildFile; fileRef = 4F0A45C42AC1E2FB005C32BE /* MainViewController.swift */; };
		4F0A45C72AC1E39F005C32BE /* HistoryViewController.swift in Sources */ = {isa = PBXBuildFile; fileRef = 4F0A45C62AC1E39F005C32BE /* HistoryViewController.swift */; };
		4F4653ED2AC7C8FB00D55CF3 /* ImageModel.swift in Sources */ = {isa = PBXBuildFile; fileRef = 4F4653EC2AC7C8FB00D55CF3 /* ImageModel.swift */; };
		4F92DE2D2AC5B32C00A84C4E /* ShopModel.swift in Sources */ = {isa = PBXBuildFile; fileRef = 4F92DE2C2AC5B32C00A84C4E /* ShopModel.swift */; };
/* End PBXBuildFile section */

/* Begin PBXFileReference section */
		382759703693CC1A8528206D /* Pods_ShoppingApp.framework */ = {isa = PBXFileReference; explicitFileType = wrapper.framework; includeInIndex = 0; path = Pods_ShoppingApp.framework; sourceTree = BUILT_PRODUCTS_DIR; };
		4F0A45A62AC1DDEC005C32BE /* ShoppingApp.app */ = {isa = PBXFileReference; explicitFileType = wrapper.application; includeInIndex = 0; path = ShoppingApp.app; sourceTree = BUILT_PRODUCTS_DIR; };
		4F0A45A92AC1DDEC005C32BE /* AppDelegate.swift */ = {isa = PBXFileReference; lastKnownFileType = sourcecode.swift; path = AppDelegate.swift; sourceTree = "<group>"; };
		4F0A45AB2AC1DDEC005C32BE /* SceneDelegate.swift */ = {isa = PBXFileReference; lastKnownFileType = sourcecode.swift; path = SceneDelegate.swift; sourceTree = "<group>"; };
		4F0A45B02AC1DDED005C32BE /* Base */ = {isa = PBXFileReference; lastKnownFileType = file.storyboard; name = Base; path = Base.lproj/Main.storyboard; sourceTree = "<group>"; };
		4F0A45B22AC1DDEF005C32BE /* Assets.xcassets */ = {isa = PBXFileReference; lastKnownFileType = folder.assetcatalog; path = Assets.xcassets; sourceTree = "<group>"; };
		4F0A45B52AC1DDEF005C32BE /* Base */ = {isa = PBXFileReference; lastKnownFileType = file.storyboard; name = Base; path = Base.lproj/LaunchScreen.storyboard; sourceTree = "<group>"; };
		4F0A45B72AC1DDEF005C32BE /* Info.plist */ = {isa = PBXFileReference; lastKnownFileType = text.plist.xml; path = Info.plist; sourceTree = "<group>"; };
		4F0A45C22AC1DFCA005C32BE /* Util.swift */ = {isa = PBXFileReference; lastKnownFileType = sourcecode.swift; path = Util.swift; sourceTree = "<group>"; };
		4F0A45C42AC1E2FB005C32BE /* MainViewController.swift */ = {isa = PBXFileReference; lastKnownFileType = sourcecode.swift; path = MainViewController.swift; sourceTree = "<group>"; };
		4F0A45C62AC1E39F005C32BE /* HistoryViewController.swift */ = {isa = PBXFileReference; lastKnownFileType = sourcecode.swift; path = HistoryViewController.swift; sourceTree = "<group>"; };
		4F4653EC2AC7C8FB00D55CF3 /* ImageModel.swift */ = {isa = PBXFileReference; lastKnownFileType = sourcecode.swift; path = ImageModel.swift; sourceTree = "<group>"; };
		4F92DE2C2AC5B32C00A84C4E /* ShopModel.swift */ = {isa = PBXFileReference; lastKnownFileType = sourcecode.swift; path = ShopModel.swift; sourceTree = "<group>"; };
		6A77806FC0A39130E0E2A200 /* Pods-ShoppingApp.debug.xcconfig */ = {isa = PBXFileReference; includeInIndex = 1; lastKnownFileType = text.xcconfig; name = "Pods-ShoppingApp.debug.xcconfig"; path = "Target Support Files/Pods-ShoppingApp/Pods-ShoppingApp.debug.xcconfig"; sourceTree = "<group>"; };
		C9E36C9FDC09916104946EF1 /* Pods-ShoppingApp.release.xcconfig */ = {isa = PBXFileReference; includeInIndex = 1; lastKnownFileType = text.xcconfig; name = "Pods-ShoppingApp.release.xcconfig"; path = "Target Support Files/Pods-ShoppingApp/Pods-ShoppingApp.release.xcconfig"; sourceTree = "<group>"; };
/* End PBXFileReference section */

/* Begin PBXFrameworksBuildPhase section */
		4F0A45A32AC1DDEC005C32BE /* Frameworks */ = {
			isa = PBXFrameworksBuildPhase;
			buildActionMask = 2147483647;
			files = (
				1B4147AD7ECAEDCE6A78BC39 /* Pods_ShoppingApp.framework in Frameworks */,
			);
			runOnlyForDeploymentPostprocessing = 0;
		};
/* End PBXFrameworksBuildPhase section */

/* Begin PBXGroup section */
		4F0A459D2AC1DDEC005C32BE = {
			isa = PBXGroup;
			children = (
				4F0A45A82AC1DDEC005C32BE /* ShoppingApp */,
				4F0A45A72AC1DDEC005C32BE /* Products */,
				69A211FF72EFEE01DB194310 /* Pods */,
				92D980C2F133729C1F9470DF /* Frameworks */,
			);
			sourceTree = "<group>";
		};
		4F0A45A72AC1DDEC005C32BE /* Products */ = {
			isa = PBXGroup;
			children = (
				4F0A45A62AC1DDEC005C32BE /* ShoppingApp.app */,
			);
			name = Products;
			sourceTree = "<group>";
		};
		4F0A45A82AC1DDEC005C32BE /* ShoppingApp */ = {
			isa = PBXGroup;
			children = (
				4F0A45C12AC1DFBB005C32BE /* Model */,
				4F0A45C02AC1DFA9005C32BE /* Controller */,
				4F0A45BF2AC1DF99005C32BE /* View */,
				4F0A45A92AC1DDEC005C32BE /* AppDelegate.swift */,
				4F0A45AB2AC1DDEC005C32BE /* SceneDelegate.swift */,
				4F0A45B22AC1DDEF005C32BE /* Assets.xcassets */,
				4F0A45B42AC1DDEF005C32BE /* LaunchScreen.storyboard */,
				4F0A45B72AC1DDEF005C32BE /* Info.plist */,
				4F4653EC2AC7C8FB00D55CF3 /* ImageModel.swift */,
			);
			path = ShoppingApp;
			sourceTree = "<group>";
		};
		4F0A45BF2AC1DF99005C32BE /* View */ = {
			isa = PBXGroup;
			children = (
				4F0A45AF2AC1DDED005C32BE /* Main.storyboard */,
			);
			path = View;
			sourceTree = "<group>";
		};
		4F0A45C02AC1DFA9005C32BE /* Controller */ = {
			isa = PBXGroup;
			children = (
				4F0A45C42AC1E2FB005C32BE /* MainViewController.swift */,
				4F0A45C62AC1E39F005C32BE /* HistoryViewController.swift */,
			);
			path = Controller;
			sourceTree = "<group>";
		};
		4F0A45C12AC1DFBB005C32BE /* Model */ = {
			isa = PBXGroup;
			children = (
				4F0A45C22AC1DFCA005C32BE /* Util.swift */,
				4F92DE2C2AC5B32C00A84C4E /* ShopModel.swift */,
			);
			path = Model;
			sourceTree = "<group>";
		};
		69A211FF72EFEE01DB194310 /* Pods */ = {
			isa = PBXGroup;
			children = (
				6A77806FC0A39130E0E2A200 /* Pods-ShoppingApp.debug.xcconfig */,
				C9E36C9FDC09916104946EF1 /* Pods-ShoppingApp.release.xcconfig */,
			);
			path = Pods;
			sourceTree = "<group>";
		};
		92D980C2F133729C1F9470DF /* Frameworks */ = {
			isa = PBXGroup;
			children = (
				382759703693CC1A8528206D /* Pods_ShoppingApp.framework */,
			);
			name = Frameworks;
			sourceTree = "<group>";
		};
/* End PBXGroup section */

/* Begin PBXNativeTarget section */
		4F0A45A52AC1DDEC005C32BE /* ShoppingApp */ = {
			isa = PBXNativeTarget;
			buildConfigurationList = 4F0A45BA2AC1DDEF005C32BE /* Build configuration list for PBXNativeTarget "ShoppingApp" */;
			buildPhases = (
				A78CB05640E275807CE5BF5A /* [CP] Check Pods Manifest.lock */,
				4F0A45A22AC1DDEC005C32BE /* Sources */,
				4F0A45A32AC1DDEC005C32BE /* Frameworks */,
				4F0A45A42AC1DDEC005C32BE /* Resources */,
				8F582A34612B7852D79A2441 /* [CP] Embed Pods Frameworks */,
			);
			buildRules = (
			);
			dependencies = (
			);
			name = ShoppingApp;
			productName = ShoppingApp;
			productReference = 4F0A45A62AC1DDEC005C32BE /* ShoppingApp.app */;
			productType = "com.apple.product-type.application";
		};
/* End PBXNativeTarget section */

/* Begin PBXProject section */
		4F0A459E2AC1DDEC005C32BE /* Project object */ = {
			isa = PBXProject;
			attributes = {
				BuildIndependentTargetsInParallel = 1;
				LastSwiftUpdateCheck = 1500;
				LastUpgradeCheck = 1500;
				TargetAttributes = {
					4F0A45A52AC1DDEC005C32BE = {
						CreatedOnToolsVersion = 15.0;
					};
				};
			};
			buildConfigurationList = 4F0A45A12AC1DDEC005C32BE /* Build configuration list for PBXProject "ShoppingApp" */;
			compatibilityVersion = "Xcode 14.0";
			developmentRegion = en;
			hasScannedForEncodings = 0;
			knownRegions = (
				en,
				Base,
			);
			mainGroup = 4F0A459D2AC1DDEC005C32BE;
			productRefGroup = 4F0A45A72AC1DDEC005C32BE /* Products */;
			projectDirPath = "";
			projectRoot = "";
			targets = (
				4F0A45A52AC1DDEC005C32BE /* ShoppingApp */,
			);
		};
/* End PBXProject section */

/* Begin PBXResourcesBuildPhase section */
		4F0A45A42AC1DDEC005C32BE /* Resources */ = {
			isa = PBXResourcesBuildPhase;
			buildActionMask = 2147483647;
			files = (
				4F0A45B62AC1DDEF005C32BE /* LaunchScreen.storyboard in Resources */,
				4F0A45B32AC1DDEF005C32BE /* Assets.xcassets in Resources */,
				4F0A45B12AC1DDED005C32BE /* Main.storyboard in Resources */,
			);
			runOnlyForDeploymentPostprocessing = 0;
		};
/* End PBXResourcesBuildPhase section */

/* Begin PBXShellScriptBuildPhase section */
		8F582A34612B7852D79A2441 /* [CP] Embed Pods Frameworks */ = {
			isa = PBXShellScriptBuildPhase;
			buildActionMask = 2147483647;
			files = (
			);
			inputFileListPaths = (
				"${PODS_ROOT}/Target Support Files/Pods-ShoppingApp/Pods-ShoppingApp-frameworks-${CONFIGURATION}-input-files.xcfilelist",
			);
			name = "[CP] Embed Pods Frameworks";
			outputFileListPaths = (
				"${PODS_ROOT}/Target Support Files/Pods-ShoppingApp/Pods-ShoppingApp-frameworks-${CONFIGURATION}-output-files.xcfilelist",
			);
			runOnlyForDeploymentPostprocessing = 0;
			shellPath = /bin/sh;
			shellScript = "\"${PODS_ROOT}/Target Support Files/Pods-ShoppingApp/Pods-ShoppingApp-frameworks.sh\"\n";
			showEnvVarsInLog = 0;
		};
		A78CB05640E275807CE5BF5A /* [CP] Check Pods Manifest.lock */ = {
			isa = PBXShellScriptBuildPhase;
			buildActionMask = 2147483647;
			files = (
			);
			inputFileListPaths = (
			);
			inputPaths = (
				"${PODS_PODFILE_DIR_PATH}/Podfile.lock",
				"${PODS_ROOT}/Manifest.lock",
			);
			name = "[CP] Check Pods Manifest.lock";
			outputFileListPaths = (
			);
			outputPaths = (
				"$(DERIVED_FILE_DIR)/Pods-ShoppingApp-checkManifestLockResult.txt",
			);
			runOnlyForDeploymentPostprocessing = 0;
			shellPath = /bin/sh;
			shellScript = "diff \"${PODS_PODFILE_DIR_PATH}/Podfile.lock\" \"${PODS_ROOT}/Manifest.lock\" > /dev/null\nif [ $? != 0 ] ; then\n    # print error to STDERR\n    echo \"error: The sandbox is not in sync with the Podfile.lock. Run 'pod install' or update your CocoaPods installation.\" >&2\n    exit 1\nfi\n# This output is used by Xcode 'outputs' to avoid re-running this script phase.\necho \"SUCCESS\" > \"${SCRIPT_OUTPUT_FILE_0}\"\n";
			showEnvVarsInLog = 0;
		};
/* End PBXShellScriptBuildPhase section */

/* Begin PBXSourcesBuildPhase section */
		4F0A45A22AC1DDEC005C32BE /* Sources */ = {
			isa = PBXSourcesBuildPhase;
			buildActionMask = 2147483647;
			files = (
				4F0A45AA2AC1DDEC005C32BE /* AppDelegate.swift in Sources */,
				4F0A45C32AC1DFCA005C32BE /* Util.swift in Sources */,
				4F0A45AC2AC1DDEC005C32BE /* SceneDelegate.swift in Sources */,
				4F0A45C72AC1E39F005C32BE /* HistoryViewController.swift in Sources */,
				4F0A45C52AC1E2FB005C32BE /* MainViewController.swift in Sources */,
				4F92DE2D2AC5B32C00A84C4E /* ShopModel.swift in Sources */,
				4F4653ED2AC7C8FB00D55CF3 /* ImageModel.swift in Sources */,
			);
			runOnlyForDeploymentPostprocessing = 0;
		};
/* End PBXSourcesBuildPhase section */

/* Begin PBXVariantGroup section */
		4F0A45AF2AC1DDED005C32BE /* Main.storyboard */ = {
			isa = PBXVariantGroup;
			children = (
				4F0A45B02AC1DDED005C32BE /* Base */,
			);
			name = Main.storyboard;
			sourceTree = "<group>";
		};
		4F0A45B42AC1DDEF005C32BE /* LaunchScreen.storyboard */ = {
			isa = PBXVariantGroup;
			children = (
				4F0A45B52AC1DDEF005C32BE /* Base */,
			);
			name = LaunchScreen.storyboard;
			sourceTree = "<group>";
		};
/* End PBXVariantGroup section */

/* Begin XCBuildConfiguration section */
		4F0A45B82AC1DDEF005C32BE /* Debug */ = {
			isa = XCBuildConfiguration;
			buildSettings = {
				ALWAYS_SEARCH_USER_PATHS = NO;
				ASSETCATALOG_COMPILER_GENERATE_SWIFT_ASSET_SYMBOL_EXTENSIONS = YES;
				CLANG_ANALYZER_NONNULL = YES;
				CLANG_ANALYZER_NUMBER_OBJECT_CONVERSION = YES_AGGRESSIVE;
				CLANG_CXX_LANGUAGE_STANDARD = "gnu++20";
				CLANG_ENABLE_MODULES = YES;
				CLANG_ENABLE_OBJC_ARC = YES;
				CLANG_ENABLE_OBJC_WEAK = YES;
				CLANG_WARN_BLOCK_CAPTURE_AUTORELEASING = YES;
				CLANG_WARN_BOOL_CONVERSION = YES;
				CLANG_WARN_COMMA = YES;
				CLANG_WARN_CONSTANT_CONVERSION = YES;
				CLANG_WARN_DEPRECATED_OBJC_IMPLEMENTATIONS = YES;
				CLANG_WARN_DIRECT_OBJC_ISA_USAGE = YES_ERROR;
				CLANG_WARN_DOCUMENTATION_COMMENTS = YES;
				CLANG_WARN_EMPTY_BODY = YES;
				CLANG_WARN_ENUM_CONVERSION = YES;
				CLANG_WARN_INFINITE_RECURSION = YES;
				CLANG_WARN_INT_CONVERSION = YES;
				CLANG_WARN_NON_LITERAL_NULL_CONVERSION = YES;
				CLANG_WARN_OBJC_IMPLICIT_RETAIN_SELF = YES;
				CLANG_WARN_OBJC_LITERAL_CONVERSION = YES;
				CLANG_WARN_OBJC_ROOT_CLASS = YES_ERROR;
				CLANG_WARN_QUOTED_INCLUDE_IN_FRAMEWORK_HEADER = YES;
				CLANG_WARN_RANGE_LOOP_ANALYSIS = YES;
				CLANG_WARN_STRICT_PROTOTYPES = YES;
				CLANG_WARN_SUSPICIOUS_MOVE = YES;
				CLANG_WARN_UNGUARDED_AVAILABILITY = YES_AGGRESSIVE;
				CLANG_WARN_UNREACHABLE_CODE = YES;
				CLANG_WARN__DUPLICATE_METHOD_MATCH = YES;
				COPY_PHASE_STRIP = NO;
				DEBUG_INFORMATION_FORMAT = dwarf;
				ENABLE_STRICT_OBJC_MSGSEND = YES;
				ENABLE_TESTABILITY = YES;
				ENABLE_USER_SCRIPT_SANDBOXING = NO;
				GCC_C_LANGUAGE_STANDARD = gnu17;
				GCC_DYNAMIC_NO_PIC = NO;
				GCC_NO_COMMON_BLOCKS = YES;
				GCC_OPTIMIZATION_LEVEL = 0;
				GCC_PREPROCESSOR_DEFINITIONS = (
					"DEBUG=1",
					"$(inherited)",
				);
				GCC_WARN_64_TO_32_BIT_CONVERSION = YES;
				GCC_WARN_ABOUT_RETURN_TYPE = YES_ERROR;
				GCC_WARN_UNDECLARED_SELECTOR = YES;
				GCC_WARN_UNINITIALIZED_AUTOS = YES_AGGRESSIVE;
				GCC_WARN_UNUSED_FUNCTION = YES;
				GCC_WARN_UNUSED_VARIABLE = YES;
				IPHONEOS_DEPLOYMENT_TARGET = 17.0;
				LOCALIZATION_PREFERS_STRING_CATALOGS = YES;
				MTL_ENABLE_DEBUG_INFO = INCLUDE_SOURCE;
				MTL_FAST_MATH = YES;
				ONLY_ACTIVE_ARCH = YES;
				SDKROOT = iphoneos;
				SWIFT_ACTIVE_COMPILATION_CONDITIONS = "DEBUG $(inherited)";
				SWIFT_OPTIMIZATION_LEVEL = "-Onone";
			};
			name = Debug;
		};
		4F0A45B92AC1DDEF005C32BE /* Release */ = {
			isa = XCBuildConfiguration;
			buildSettings = {
				ALWAYS_SEARCH_USER_PATHS = NO;
				ASSETCATALOG_COMPILER_GENERATE_SWIFT_ASSET_SYMBOL_EXTENSIONS = YES;
				CLANG_ANALYZER_NONNULL = YES;
				CLANG_ANALYZER_NUMBER_OBJECT_CONVERSION = YES_AGGRESSIVE;
				CLANG_CXX_LANGUAGE_STANDARD = "gnu++20";
				CLANG_ENABLE_MODULES = YES;
				CLANG_ENABLE_OBJC_ARC = YES;
				CLANG_ENABLE_OBJC_WEAK = YES;
				CLANG_WARN_BLOCK_CAPTURE_AUTORELEASING = YES;
				CLANG_WARN_BOOL_CONVERSION = YES;
				CLANG_WARN_COMMA = YES;
				CLANG_WARN_CONSTANT_CONVERSION = YES;
				CLANG_WARN_DEPRECATED_OBJC_IMPLEMENTATIONS = YES;
				CLANG_WARN_DIRECT_OBJC_ISA_USAGE = YES_ERROR;
				CLANG_WARN_DOCUMENTATION_COMMENTS = YES;
				CLANG_WARN_EMPTY_BODY = YES;
				CLANG_WARN_ENUM_CONVERSION = YES;
				CLANG_WARN_INFINITE_RECURSION = YES;
				CLANG_WARN_INT_CONVERSION = YES;
				CLANG_WARN_NON_LITERAL_NULL_CONVERSION = YES;
				CLANG_WARN_OBJC_IMPLICIT_RETAIN_SELF = YES;
				CLANG_WARN_OBJC_LITERAL_CONVERSION = YES;
				CLANG_WARN_OBJC_ROOT_CLASS = YES_ERROR;
				CLANG_WARN_QUOTED_INCLUDE_IN_FRAMEWORK_HEADER = YES;
				CLANG_WARN_RANGE_LOOP_ANALYSIS = YES;
				CLANG_WARN_STRICT_PROTOTYPES = YES;
				CLANG_WARN_SUSPICIOUS_MOVE = YES;
				CLANG_WARN_UNGUARDED_AVAILABILITY = YES_AGGRESSIVE;
				CLANG_WARN_UNREACHABLE_CODE = YES;
				CLANG_WARN__DUPLICATE_METHOD_MATCH = YES;
				COPY_PHASE_STRIP = NO;
				DEBUG_INFORMATION_FORMAT = "dwarf-with-dsym";
				ENABLE_NS_ASSERTIONS = NO;
				ENABLE_STRICT_OBJC_MSGSEND = YES;
				ENABLE_USER_SCRIPT_SANDBOXING = NO;
				GCC_C_LANGUAGE_STANDARD = gnu17;
				GCC_NO_COMMON_BLOCKS = YES;
				GCC_WARN_64_TO_32_BIT_CONVERSION = YES;
				GCC_WARN_ABOUT_RETURN_TYPE = YES_ERROR;
				GCC_WARN_UNDECLARED_SELECTOR = YES;
				GCC_WARN_UNINITIALIZED_AUTOS = YES_AGGRESSIVE;
				GCC_WARN_UNUSED_FUNCTION = YES;
				GCC_WARN_UNUSED_VARIABLE = YES;
				IPHONEOS_DEPLOYMENT_TARGET = 17.0;
				LOCALIZATION_PREFERS_STRING_CATALOGS = YES;
				MTL_ENABLE_DEBUG_INFO = NO;
				MTL_FAST_MATH = YES;
				SDKROOT = iphoneos;
				SWIFT_COMPILATION_MODE = wholemodule;
				VALIDATE_PRODUCT = YES;
			};
			name = Release;
		};
		4F0A45BB2AC1DDEF005C32BE /* Debug */ = {
			isa = XCBuildConfiguration;
			baseConfigurationReference = 6A77806FC0A39130E0E2A200 /* Pods-ShoppingApp.debug.xcconfig */;
			buildSettings = {
				ASSETCATALOG_COMPILER_APPICON_NAME = AppIcon;
				ASSETCATALOG_COMPILER_GLOBAL_ACCENT_COLOR_NAME = AccentColor;
				CODE_SIGN_STYLE = Automatic;
				CURRENT_PROJECT_VERSION = 1;
				DEVELOPMENT_TEAM = MG6697FX3H;
				GENERATE_INFOPLIST_FILE = YES;
				INFOPLIST_FILE = ShoppingApp/Info.plist;
				INFOPLIST_KEY_UIApplicationSupportsIndirectInputEvents = YES;
				INFOPLIST_KEY_UILaunchStoryboardName = LaunchScreen;
				INFOPLIST_KEY_UIMainStoryboardFile = Main;
				INFOPLIST_KEY_UISupportedInterfaceOrientations_iPad = "UIInterfaceOrientationPortrait UIInterfaceOrientationPortraitUpsideDown UIInterfaceOrientationLandscapeLeft UIInterfaceOrientationLandscapeRight";
				INFOPLIST_KEY_UISupportedInterfaceOrientations_iPhone = "UIInterfaceOrientationPortrait UIInterfaceOrientationLandscapeLeft UIInterfaceOrientationLandscapeRight";
				LD_RUNPATH_SEARCH_PATHS = (
					"$(inherited)",
					"@executable_path/Frameworks",
				);
				MARKETING_VERSION = 1.0;
				PRODUCT_BUNDLE_IDENTIFIER = Sakoa7o73.ShoppingApp;
				PRODUCT_NAME = "$(TARGET_NAME)";
				SWIFT_EMIT_LOC_STRINGS = YES;
				SWIFT_VERSION = 5.0;
				TARGETED_DEVICE_FAMILY = "1,2";
			};
			name = Debug;
		};
		4F0A45BC2AC1DDEF005C32BE /* Release */ = {
			isa = XCBuildConfiguration;
			baseConfigurationReference = C9E36C9FDC09916104946EF1 /* Pods-ShoppingApp.release.xcconfig */;
			buildSettings = {
				ASSETCATALOG_COMPILER_APPICON_NAME = AppIcon;
				ASSETCATALOG_COMPILER_GLOBAL_ACCENT_COLOR_NAME = AccentColor;
				CODE_SIGN_STYLE = Automatic;
				CURRENT_PROJECT_VERSION = 1;
				DEVELOPMENT_TEAM = MG6697FX3H;
				GENERATE_INFOPLIST_FILE = YES;
				INFOPLIST_FILE = ShoppingApp/Info.plist;
				INFOPLIST_KEY_UIApplicationSupportsIndirectInputEvents = YES;
				INFOPLIST_KEY_UILaunchStoryboardName = LaunchScreen;
				INFOPLIST_KEY_UIMainStoryboardFile = Main;
				INFOPLIST_KEY_UISupportedInterfaceOrientations_iPad = "UIInterfaceOrientationPortrait UIInterfaceOrientationPortraitUpsideDown UIInterfaceOrientationLandscapeLeft UIInterfaceOrientationLandscapeRight";
				INFOPLIST_KEY_UISupportedInterfaceOrientations_iPhone = "UIInterfaceOrientationPortrait UIInterfaceOrientationLandscapeLeft UIInterfaceOrientationLandscapeRight";
				LD_RUNPATH_SEARCH_PATHS = (
					"$(inherited)",
					"@executable_path/Frameworks",
				);
				MARKETING_VERSION = 1.0;
				PRODUCT_BUNDLE_IDENTIFIER = Sakoa7o73.ShoppingApp;
				PRODUCT_NAME = "$(TARGET_NAME)";
				SWIFT_EMIT_LOC_STRINGS = YES;
				SWIFT_VERSION = 5.0;
				TARGETED_DEVICE_FAMILY = "1,2";
			};
			name = Release;
		};
/* End XCBuildConfiguration section */

/* Begin XCConfigurationList section */
		4F0A45A12AC1DDEC005C32BE /* Build configuration list for PBXProject "ShoppingApp" */ = {
			isa = XCConfigurationList;
			buildConfigurations = (
				4F0A45B82AC1DDEF005C32BE /* Debug */,
				4F0A45B92AC1DDEF005C32BE /* Release */,
			);
			defaultConfigurationIsVisible = 0;
			defaultConfigurationName = Release;
		};
		4F0A45BA2AC1DDEF005C32BE /* Build configuration list for PBXNativeTarget "ShoppingApp" */ = {
			isa = XCConfigurationList;
			buildConfigurations = (
				4F0A45BB2AC1DDEF005C32BE /* Debug */,
				4F0A45BC2AC1DDEF005C32BE /* Release */,
			);
			defaultConfigurationIsVisible = 0;
			defaultConfigurationName = Release;
		};
/* End XCConfigurationList section */
	};
	rootObject = 4F0A459E2AC1DDEC005C32BE /* Project object */;
}
