PODS:
  - Alamofire (5.8.0)
  - Realm (10.42.1):
    - Realm/Headers (= 10.42.1)
  - Realm/Headers (10.42.1)
  - RealmSwift (10.42.1):
    - Realm (= 10.42.1)
  - SwiftyJSON (5.0.1)

DEPENDENCIES:
  - Alamofire
  - RealmSwift
  - SwiftyJSON

SPEC REPOS:
  trunk:
    - Alamofire
    - Realm
    - RealmSwift
    - SwiftyJSON

SPEC CHECKSUMS:
  Alamofire: 0e92e751b3e9e66d7982db43919d01f313b8eb91
  Realm: f433b80a05f68575e88364d6fcc6234965ccc5af
  RealmSwift: 757e1416e2314f7e1543abdb2aa65b311d7b6545
  SwiftyJSON: 2f33a42c6fbc52764d96f13368585094bfd8aa5e

PODFILE CHECKSUM: 6797b83940fbb82e04f775a16894f735c416f3bb

COCOAPODS: 1.11.3
